
Microsoft Visual Studio Solution File, Format Version 12.00
# Visual Studio 14
VisualStudioVersion = 14.0.25420.1
MinimumVisualStudioVersion = 10.0.40219.1
Project("{8BC9CEB8-8B4A-11D0-8D11-00A0C91BC942}") = "WindowsCppTest", "WindowsCppTest\WindowsCppTest.vcxproj", "{9D41023F-93EA-4223-AB08-982339706416}"
EndProject
Project("{8BC9CEB8-8B4A-11D0-8D11-00A0C91BC942}") = "myMathLib", "myMathLib\myMathLib.vcxproj", "{6D46EF73-326B-4CFD-BB40-2288011D7C25}"
EndProject
Project("{8BC9CEB8-8B4A-11D0-8D11-00A0C91BC942}") = "myMathDll", "myMathDll\myMathDll.vcxproj", "{66220938-BCA4-4A5A-B20E-B16D657FED84}"
EndProject
Project("{8BC9CEB8-8B4A-11D0-8D11-00A0C91BC942}") = "Svr", "Svr\Svr.vcxproj", "{14883080-D2C4-40F0-BC8F-7A2C20A61E78}"
EndProject
Project("{8BC9CEB8-8B4A-11D0-8D11-00A0C91BC942}") = "SvrConfig", "SvrConfig\SvrConfig.vcxproj", "{2AD0C0F4-F0FB-46CA-AF73-E4BF5A70E7CD}"
EndProject
Project("{8BC9CEB8-8B4A-11D0-8D11-00A0C91BC942}") = "SvrControl", "SvrControl\SvrControl.vcxproj", "{396D1CA6-98F3-4F3B-B4BE-791F26653C08}"
EndProject
Project("{8BC9CEB8-8B4A-11D0-8D11-00A0C91BC942}") = "MyWinThread", "MyWinThread\MyWinThread.vcxproj", "{6ACC620B-DFEA-439F-AA98-337BB136C605}"
EndProject
Project("{8BC9CEB8-8B4A-11D0-8D11-00A0C91BC942}") = "myFifo", "myFifo\myFifo.vcxproj", "{DE7C3699-E547-4F88-AF36-36DA07E8BD3E}"
EndProject
Project("{8BC9CEB8-8B4A-11D0-8D11-00A0C91BC942}") = "taskSchedual", "taskSchedual\taskSchedual.vcxproj", "{4F63C220-7217-4EBF-BDC1-B81EA498493C}"
EndProject
Project("{8BC9CEB8-8B4A-11D0-8D11-00A0C91BC942}") = "PsStreamDecoder", "PsStreamDecoder\PsStreamDecoder.vcxproj", "{F028C02B-C85F-499F-A5B6-BCE23574F882}"
EndProject
Project("{8BC9CEB8-8B4A-11D0-8D11-00A0C91BC942}") = "logger", "logger\logger.vcxproj", "{F9272076-2D40-4088-986F-7BC03A70A62F}"
EndProject
Project("{8BC9CEB8-8B4A-11D0-8D11-00A0C91BC942}") = "rand", "rand\rand.vcxproj", "{75157BEA-AFAB-4155-8B43-15274D82F91F}"
EndProject
Project("{8BC9CEB8-8B4A-11D0-8D11-00A0C91BC942}") = "StreamManager", "StreamManager\StreamManager.vcxproj", "{DC14C0B6-C353-4937-A3DA-9DFED9EAE439}"
EndProject
Project("{8BC9CEB8-8B4A-11D0-8D11-00A0C91BC942}") = "show_video1", "show_video1\show_video1.vcxproj", "{1A760853-46A9-4B1B-9D42-DA5EFF9A90F3}"
EndProject
Project("{8BC9CEB8-8B4A-11D0-8D11-00A0C91BC942}") = "time", "time\time.vcxproj", "{7A632739-F683-4E0D-8438-2D386FFB8CC8}"
EndProject
Project("{8BC9CEB8-8B4A-11D0-8D11-00A0C91BC942}") = "MFCTest", "MFCTest\MFCTest.vcxproj", "{A66ACB09-DCA9-4099-B4D6-E733BEAD01C2}"
EndProject
Project("{8BC9CEB8-8B4A-11D0-8D11-00A0C91BC942}") = "Win32Project", "Win32Project\Win32Project.vcxproj", "{B823D6E0-3746-42B4-AD32-5E273EEB3295}"
EndProject
Global
	GlobalSection(SolutionConfigurationPlatforms) = preSolution
		Debug|x64 = Debug|x64
		Debug|x86 = Debug|x86
		Release|x64 = Release|x64
		Release|x86 = Release|x86
	EndGlobalSection
	GlobalSection(ProjectConfigurationPlatforms) = postSolution
		{9D41023F-93EA-4223-AB08-982339706416}.Debug|x64.ActiveCfg = Debug|x64
		{9D41023F-93EA-4223-AB08-982339706416}.Debug|x64.Build.0 = Debug|x64
		{9D41023F-93EA-4223-AB08-982339706416}.Debug|x86.ActiveCfg = Debug|Win32
		{9D41023F-93EA-4223-AB08-982339706416}.Debug|x86.Build.0 = Debug|Win32
		{9D41023F-93EA-4223-AB08-982339706416}.Release|x64.ActiveCfg = Release|x64
		{9D41023F-93EA-4223-AB08-982339706416}.Release|x64.Build.0 = Release|x64
		{9D41023F-93EA-4223-AB08-982339706416}.Release|x86.ActiveCfg = Release|Win32
		{9D41023F-93EA-4223-AB08-982339706416}.Release|x86.Build.0 = Release|Win32
		{6D46EF73-326B-4CFD-BB40-2288011D7C25}.Debug|x64.ActiveCfg = Debug|x64
		{6D46EF73-326B-4CFD-BB40-2288011D7C25}.Debug|x64.Build.0 = Debug|x64
		{6D46EF73-326B-4CFD-BB40-2288011D7C25}.Debug|x86.ActiveCfg = Debug|Win32
		{6D46EF73-326B-4CFD-BB40-2288011D7C25}.Debug|x86.Build.0 = Debug|Win32
		{6D46EF73-326B-4CFD-BB40-2288011D7C25}.Release|x64.ActiveCfg = Release|x64
		{6D46EF73-326B-4CFD-BB40-2288011D7C25}.Release|x64.Build.0 = Release|x64
		{6D46EF73-326B-4CFD-BB40-2288011D7C25}.Release|x86.ActiveCfg = Release|Win32
		{6D46EF73-326B-4CFD-BB40-2288011D7C25}.Release|x86.Build.0 = Release|Win32
		{66220938-BCA4-4A5A-B20E-B16D657FED84}.Debug|x64.ActiveCfg = Debug|x64
		{66220938-BCA4-4A5A-B20E-B16D657FED84}.Debug|x64.Build.0 = Debug|x64
		{66220938-BCA4-4A5A-B20E-B16D657FED84}.Debug|x86.ActiveCfg = Debug|Win32
		{66220938-BCA4-4A5A-B20E-B16D657FED84}.Debug|x86.Build.0 = Debug|Win32
		{66220938-BCA4-4A5A-B20E-B16D657FED84}.Release|x64.ActiveCfg = Release|x64
		{66220938-BCA4-4A5A-B20E-B16D657FED84}.Release|x64.Build.0 = Release|x64
		{66220938-BCA4-4A5A-B20E-B16D657FED84}.Release|x86.ActiveCfg = Release|Win32
		{66220938-BCA4-4A5A-B20E-B16D657FED84}.Release|x86.Build.0 = Release|Win32
		{14883080-D2C4-40F0-BC8F-7A2C20A61E78}.Debug|x64.ActiveCfg = Debug|x64
		{14883080-D2C4-40F0-BC8F-7A2C20A61E78}.Debug|x64.Build.0 = Debug|x64
		{14883080-D2C4-40F0-BC8F-7A2C20A61E78}.Debug|x86.ActiveCfg = Debug|Win32
		{14883080-D2C4-40F0-BC8F-7A2C20A61E78}.Debug|x86.Build.0 = Debug|Win32
		{14883080-D2C4-40F0-BC8F-7A2C20A61E78}.Release|x64.ActiveCfg = Release|x64
		{14883080-D2C4-40F0-BC8F-7A2C20A61E78}.Release|x64.Build.0 = Release|x64
		{14883080-D2C4-40F0-BC8F-7A2C20A61E78}.Release|x86.ActiveCfg = Release|Win32
		{14883080-D2C4-40F0-BC8F-7A2C20A61E78}.Release|x86.Build.0 = Release|Win32
		{2AD0C0F4-F0FB-46CA-AF73-E4BF5A70E7CD}.Debug|x64.ActiveCfg = Debug|x64
		{2AD0C0F4-F0FB-46CA-AF73-E4BF5A70E7CD}.Debug|x64.Build.0 = Debug|x64
		{2AD0C0F4-F0FB-46CA-AF73-E4BF5A70E7CD}.Debug|x86.ActiveCfg = Debug|Win32
		{2AD0C0F4-F0FB-46CA-AF73-E4BF5A70E7CD}.Debug|x86.Build.0 = Debug|Win32
		{2AD0C0F4-F0FB-46CA-AF73-E4BF5A70E7CD}.Release|x64.ActiveCfg = Release|x64
		{2AD0C0F4-F0FB-46CA-AF73-E4BF5A70E7CD}.Release|x64.Build.0 = Release|x64
		{2AD0C0F4-F0FB-46CA-AF73-E4BF5A70E7CD}.Release|x86.ActiveCfg = Release|Win32
		{2AD0C0F4-F0FB-46CA-AF73-E4BF5A70E7CD}.Release|x86.Build.0 = Release|Win32
		{396D1CA6-98F3-4F3B-B4BE-791F26653C08}.Debug|x64.ActiveCfg = Debug|x64
		{396D1CA6-98F3-4F3B-B4BE-791F26653C08}.Debug|x64.Build.0 = Debug|x64
		{396D1CA6-98F3-4F3B-B4BE-791F26653C08}.Debug|x86.ActiveCfg = Debug|Win32
		{396D1CA6-98F3-4F3B-B4BE-791F26653C08}.Debug|x86.Build.0 = Debug|Win32
		{396D1CA6-98F3-4F3B-B4BE-791F26653C08}.Release|x64.ActiveCfg = Release|x64
		{396D1CA6-98F3-4F3B-B4BE-791F26653C08}.Release|x64.Build.0 = Release|x64
		{396D1CA6-98F3-4F3B-B4BE-791F26653C08}.Release|x86.ActiveCfg = Release|Win32
		{396D1CA6-98F3-4F3B-B4BE-791F26653C08}.Release|x86.Build.0 = Release|Win32
		{6ACC620B-DFEA-439F-AA98-337BB136C605}.Debug|x64.ActiveCfg = Debug|x64
		{6ACC620B-DFEA-439F-AA98-337BB136C605}.Debug|x64.Build.0 = Debug|x64
		{6ACC620B-DFEA-439F-AA98-337BB136C605}.Debug|x86.ActiveCfg = Debug|Win32
		{6ACC620B-DFEA-439F-AA98-337BB136C605}.Debug|x86.Build.0 = Debug|Win32
		{6ACC620B-DFEA-439F-AA98-337BB136C605}.Release|x64.ActiveCfg = Release|x64
		{6ACC620B-DFEA-439F-AA98-337BB136C605}.Release|x64.Build.0 = Release|x64
		{6ACC620B-DFEA-439F-AA98-337BB136C605}.Release|x86.ActiveCfg = Release|Win32
		{6ACC620B-DFEA-439F-AA98-337BB136C605}.Release|x86.Build.0 = Release|Win32
		{DE7C3699-E547-4F88-AF36-36DA07E8BD3E}.Debug|x64.ActiveCfg = Debug|x64
		{DE7C3699-E547-4F88-AF36-36DA07E8BD3E}.Debug|x64.Build.0 = Debug|x64
		{DE7C3699-E547-4F88-AF36-36DA07E8BD3E}.Debug|x86.ActiveCfg = Debug|Win32
		{DE7C3699-E547-4F88-AF36-36DA07E8BD3E}.Debug|x86.Build.0 = Debug|Win32
		{DE7C3699-E547-4F88-AF36-36DA07E8BD3E}.Release|x64.ActiveCfg = Release|x64
		{DE7C3699-E547-4F88-AF36-36DA07E8BD3E}.Release|x64.Build.0 = Release|x64
		{DE7C3699-E547-4F88-AF36-36DA07E8BD3E}.Release|x86.ActiveCfg = Release|Win32
		{DE7C3699-E547-4F88-AF36-36DA07E8BD3E}.Release|x86.Build.0 = Release|Win32
		{4F63C220-7217-4EBF-BDC1-B81EA498493C}.Debug|x64.ActiveCfg = Debug|x64
		{4F63C220-7217-4EBF-BDC1-B81EA498493C}.Debug|x64.Build.0 = Debug|x64
		{4F63C220-7217-4EBF-BDC1-B81EA498493C}.Debug|x86.ActiveCfg = Debug|Win32
		{4F63C220-7217-4EBF-BDC1-B81EA498493C}.Debug|x86.Build.0 = Debug|Win32
		{4F63C220-7217-4EBF-BDC1-B81EA498493C}.Release|x64.ActiveCfg = Release|x64
		{4F63C220-7217-4EBF-BDC1-B81EA498493C}.Release|x64.Build.0 = Release|x64
		{4F63C220-7217-4EBF-BDC1-B81EA498493C}.Release|x86.ActiveCfg = Release|Win32
		{4F63C220-7217-4EBF-BDC1-B81EA498493C}.Release|x86.Build.0 = Release|Win32
		{F028C02B-C85F-499F-A5B6-BCE23574F882}.Debug|x64.ActiveCfg = Debug|x64
		{F028C02B-C85F-499F-A5B6-BCE23574F882}.Debug|x64.Build.0 = Debug|x64
		{F028C02B-C85F-499F-A5B6-BCE23574F882}.Debug|x86.ActiveCfg = Debug|Win32
		{F028C02B-C85F-499F-A5B6-BCE23574F882}.Debug|x86.Build.0 = Debug|Win32
		{F028C02B-C85F-499F-A5B6-BCE23574F882}.Release|x64.ActiveCfg = Release|x64
		{F028C02B-C85F-499F-A5B6-BCE23574F882}.Release|x64.Build.0 = Release|x64
		{F028C02B-C85F-499F-A5B6-BCE23574F882}.Release|x86.ActiveCfg = Release|Win32
		{F028C02B-C85F-499F-A5B6-BCE23574F882}.Release|x86.Build.0 = Release|Win32
		{F9272076-2D40-4088-986F-7BC03A70A62F}.Debug|x64.ActiveCfg = Debug|x64
		{F9272076-2D40-4088-986F-7BC03A70A62F}.Debug|x64.Build.0 = Debug|x64
		{F9272076-2D40-4088-986F-7BC03A70A62F}.Debug|x86.ActiveCfg = Debug|Win32
		{F9272076-2D40-4088-986F-7BC03A70A62F}.Debug|x86.Build.0 = Debug|Win32
		{F9272076-2D40-4088-986F-7BC03A70A62F}.Release|x64.ActiveCfg = Release|x64
		{F9272076-2D40-4088-986F-7BC03A70A62F}.Release|x64.Build.0 = Release|x64
		{F9272076-2D40-4088-986F-7BC03A70A62F}.Release|x86.ActiveCfg = Release|Win32
		{F9272076-2D40-4088-986F-7BC03A70A62F}.Release|x86.Build.0 = Release|Win32
		{75157BEA-AFAB-4155-8B43-15274D82F91F}.Debug|x64.ActiveCfg = Debug|x64
		{75157BEA-AFAB-4155-8B43-15274D82F91F}.Debug|x64.Build.0 = Debug|x64
		{75157BEA-AFAB-4155-8B43-15274D82F91F}.Debug|x86.ActiveCfg = Debug|Win32
		{75157BEA-AFAB-4155-8B43-15274D82F91F}.Debug|x86.Build.0 = Debug|Win32
		{75157BEA-AFAB-4155-8B43-15274D82F91F}.Release|x64.ActiveCfg = Release|x64
		{75157BEA-AFAB-4155-8B43-15274D82F91F}.Release|x64.Build.0 = Release|x64
		{75157BEA-AFAB-4155-8B43-15274D82F91F}.Release|x86.ActiveCfg = Release|Win32
		{75157BEA-AFAB-4155-8B43-15274D82F91F}.Release|x86.Build.0 = Release|Win32
		{DC14C0B6-C353-4937-A3DA-9DFED9EAE439}.Debug|x64.ActiveCfg = Debug|x64
		{DC14C0B6-C353-4937-A3DA-9DFED9EAE439}.Debug|x64.Build.0 = Debug|x64
		{DC14C0B6-C353-4937-A3DA-9DFED9EAE439}.Debug|x86.ActiveCfg = Debug|Win32
		{DC14C0B6-C353-4937-A3DA-9DFED9EAE439}.Debug|x86.Build.0 = Debug|Win32
		{DC14C0B6-C353-4937-A3DA-9DFED9EAE439}.Release|x64.ActiveCfg = Release|x64
		{DC14C0B6-C353-4937-A3DA-9DFED9EAE439}.Release|x64.Build.0 = Release|x64
		{DC14C0B6-C353-4937-A3DA-9DFED9EAE439}.Release|x86.ActiveCfg = Release|Win32
		{DC14C0B6-C353-4937-A3DA-9DFED9EAE439}.Release|x86.Build.0 = Release|Win32
		{1A760853-46A9-4B1B-9D42-DA5EFF9A90F3}.Debug|x64.ActiveCfg = Debug|x64
		{1A760853-46A9-4B1B-9D42-DA5EFF9A90F3}.Debug|x64.Build.0 = Debug|x64
		{1A760853-46A9-4B1B-9D42-DA5EFF9A90F3}.Debug|x86.ActiveCfg = Debug|Win32
		{1A760853-46A9-4B1B-9D42-DA5EFF9A90F3}.Debug|x86.Build.0 = Debug|Win32
		{1A760853-46A9-4B1B-9D42-DA5EFF9A90F3}.Release|x64.ActiveCfg = Release|x64
		{1A760853-46A9-4B1B-9D42-DA5EFF9A90F3}.Release|x64.Build.0 = Release|x64
		{1A760853-46A9-4B1B-9D42-DA5EFF9A90F3}.Release|x86.ActiveCfg = Release|Win32
		{1A760853-46A9-4B1B-9D42-DA5EFF9A90F3}.Release|x86.Build.0 = Release|Win32
		{7A632739-F683-4E0D-8438-2D386FFB8CC8}.Debug|x64.ActiveCfg = Debug|x64
		{7A632739-F683-4E0D-8438-2D386FFB8CC8}.Debug|x64.Build.0 = Debug|x64
		{7A632739-F683-4E0D-8438-2D386FFB8CC8}.Debug|x86.ActiveCfg = Debug|Win32
		{7A632739-F683-4E0D-8438-2D386FFB8CC8}.Debug|x86.Build.0 = Debug|Win32
		{7A632739-F683-4E0D-8438-2D386FFB8CC8}.Release|x64.ActiveCfg = Release|x64
		{7A632739-F683-4E0D-8438-2D386FFB8CC8}.Release|x64.Build.0 = Release|x64
		{7A632739-F683-4E0D-8438-2D386FFB8CC8}.Release|x86.ActiveCfg = Release|Win32
		{7A632739-F683-4E0D-8438-2D386FFB8CC8}.Release|x86.Build.0 = Release|Win32
		{A66ACB09-DCA9-4099-B4D6-E733BEAD01C2}.Debug|x64.ActiveCfg = Debug|x64
		{A66ACB09-DCA9-4099-B4D6-E733BEAD01C2}.Debug|x64.Build.0 = Debug|x64
		{A66ACB09-DCA9-4099-B4D6-E733BEAD01C2}.Debug|x86.ActiveCfg = Debug|Win32
		{A66ACB09-DCA9-4099-B4D6-E733BEAD01C2}.Debug|x86.Build.0 = Debug|Win32
		{A66ACB09-DCA9-4099-B4D6-E733BEAD01C2}.Release|x64.ActiveCfg = Release|x64
		{A66ACB09-DCA9-4099-B4D6-E733BEAD01C2}.Release|x64.Build.0 = Release|x64
		{A66ACB09-DCA9-4099-B4D6-E733BEAD01C2}.Release|x86.ActiveCfg = Release|Win32
		{A66ACB09-DCA9-4099-B4D6-E733BEAD01C2}.Release|x86.Build.0 = Release|Win32
		{B823D6E0-3746-42B4-AD32-5E273EEB3295}.Debug|x64.ActiveCfg = Debug|x64
		{B823D6E0-3746-42B4-AD32-5E273EEB3295}.Debug|x64.Build.0 = Debug|x64
		{B823D6E0-3746-42B4-AD32-5E273EEB3295}.Debug|x86.ActiveCfg = Debug|Win32
		{B823D6E0-3746-42B4-AD32-5E273EEB3295}.Debug|x86.Build.0 = Debug|Win32
		{B823D6E0-3746-42B4-AD32-5E273EEB3295}.Release|x64.ActiveCfg = Release|x64
		{B823D6E0-3746-42B4-AD32-5E273EEB3295}.Release|x64.Build.0 = Release|x64
		{B823D6E0-3746-42B4-AD32-5E273EEB3295}.Release|x86.ActiveCfg = Release|Win32
		{B823D6E0-3746-42B4-AD32-5E273EEB3295}.Release|x86.Build.0 = Release|Win32
	EndGlobalSection
	GlobalSection(SolutionProperties) = preSolution
		HideSolutionNode = FALSE
	EndGlobalSection
EndGlobal
